
Microsoft Visual Studio Solution File, Format Version 12.00
# Visual Studio Version 17
VisualStudioVersion = 17.11.35312.102
MinimumVisualStudioVersion = 10.0.40219.1
Project("{FAE04EC0-301F-11D3-BF4B-00C04F79EFBC}") = "carrerHub", "carrerHub\carrerHub.csproj", "{CE2E5801-99A9-478E-AB35-48F0FAB8AD72}"
	ProjectSection(ProjectDependencies) = postProject
		{1C5D9903-C43B-4105-8A43-15027DD07CFE} = {1C5D9903-C43B-4105-8A43-15027DD07CFE}
		{67F03F5C-DFE6-409B-B6D9-55C6060F4DC3} = {67F03F5C-DFE6-409B-B6D9-55C6060F4DC3}
		{E9C999DF-FBF9-42EF-A991-CB9C21424C92} = {E9C999DF-FBF9-42EF-A991-CB9C21424C92}
		{F1832CA9-A1A6-4EDB-88F5-128C3C3063D2} = {F1832CA9-A1A6-4EDB-88F5-128C3C3063D2}
	EndProjectSection
EndProject
Project("{FAE04EC0-301F-11D3-BF4B-00C04F79EFBC}") = "Entity", "Entity\Entity.csproj", "{67F03F5C-DFE6-409B-B6D9-55C6060F4DC3}"
	ProjectSection(ProjectDependencies) = postProject
		{E9C999DF-FBF9-42EF-A991-CB9C21424C92} = {E9C999DF-FBF9-42EF-A991-CB9C21424C92}
		{F1832CA9-A1A6-4EDB-88F5-128C3C3063D2} = {F1832CA9-A1A6-4EDB-88F5-128C3C3063D2}
	EndProjectSection
EndProject
Project("{FAE04EC0-301F-11D3-BF4B-00C04F79EFBC}") = "DAO", "DOA\DAO.csproj", "{1C5D9903-C43B-4105-8A43-15027DD07CFE}"
	ProjectSection(ProjectDependencies) = postProject
		{67F03F5C-DFE6-409B-B6D9-55C6060F4DC3} = {67F03F5C-DFE6-409B-B6D9-55C6060F4DC3}
		{E9C999DF-FBF9-42EF-A991-CB9C21424C92} = {E9C999DF-FBF9-42EF-A991-CB9C21424C92}
		{F1832CA9-A1A6-4EDB-88F5-128C3C3063D2} = {F1832CA9-A1A6-4EDB-88F5-128C3C3063D2}
	EndProjectSection
EndProject
Project("{FAE04EC0-301F-11D3-BF4B-00C04F79EFBC}") = "Util", "Util\Util.csproj", "{F1832CA9-A1A6-4EDB-88F5-128C3C3063D2}"
EndProject
Project("{FAE04EC0-301F-11D3-BF4B-00C04F79EFBC}") = "ExceptionDemo", "Exception\ExceptionDemo.csproj", "{E9C999DF-FBF9-42EF-A991-CB9C21424C92}"
EndProject
Global
	GlobalSection(SolutionConfigurationPlatforms) = preSolution
		Debug|Any CPU = Debug|Any CPU
		Release|Any CPU = Release|Any CPU
	EndGlobalSection
	GlobalSection(ProjectConfigurationPlatforms) = postSolution
		{CE2E5801-99A9-478E-AB35-48F0FAB8AD72}.Debug|Any CPU.ActiveCfg = Debug|Any CPU
		{CE2E5801-99A9-478E-AB35-48F0FAB8AD72}.Debug|Any CPU.Build.0 = Debug|Any CPU
		{CE2E5801-99A9-478E-AB35-48F0FAB8AD72}.Release|Any CPU.ActiveCfg = Release|Any CPU
		{CE2E5801-99A9-478E-AB35-48F0FAB8AD72}.Release|Any CPU.Build.0 = Release|Any CPU
		{67F03F5C-DFE6-409B-B6D9-55C6060F4DC3}.Debug|Any CPU.ActiveCfg = Debug|Any CPU
		{67F03F5C-DFE6-409B-B6D9-55C6060F4DC3}.Debug|Any CPU.Build.0 = Debug|Any CPU
		{67F03F5C-DFE6-409B-B6D9-55C6060F4DC3}.Release|Any CPU.ActiveCfg = Release|Any CPU
		{67F03F5C-DFE6-409B-B6D9-55C6060F4DC3}.Release|Any CPU.Build.0 = Release|Any CPU
		{1C5D9903-C43B-4105-8A43-15027DD07CFE}.Debug|Any CPU.ActiveCfg = Debug|Any CPU
		{1C5D9903-C43B-4105-8A43-15027DD07CFE}.Debug|Any CPU.Build.0 = Debug|Any CPU
		{1C5D9903-C43B-4105-8A43-15027DD07CFE}.Release|Any CPU.ActiveCfg = Release|Any CPU
		{1C5D9903-C43B-4105-8A43-15027DD07CFE}.Release|Any CPU.Build.0 = Release|Any CPU
		{F1832CA9-A1A6-4EDB-88F5-128C3C3063D2}.Debug|Any CPU.ActiveCfg = Debug|Any CPU
		{F1832CA9-A1A6-4EDB-88F5-128C3C3063D2}.Debug|Any CPU.Build.0 = Debug|Any CPU
		{F1832CA9-A1A6-4EDB-88F5-128C3C3063D2}.Release|Any CPU.ActiveCfg = Release|Any CPU
		{F1832CA9-A1A6-4EDB-88F5-128C3C3063D2}.Release|Any CPU.Build.0 = Release|Any CPU
		{E9C999DF-FBF9-42EF-A991-CB9C21424C92}.Debug|Any CPU.ActiveCfg = Debug|Any CPU
		{E9C999DF-FBF9-42EF-A991-CB9C21424C92}.Debug|Any CPU.Build.0 = Debug|Any CPU
		{E9C999DF-FBF9-42EF-A991-CB9C21424C92}.Release|Any CPU.ActiveCfg = Release|Any CPU
		{E9C999DF-FBF9-42EF-A991-CB9C21424C92}.Release|Any CPU.Build.0 = Release|Any CPU
	EndGlobalSection
	GlobalSection(SolutionProperties) = preSolution
		HideSolutionNode = FALSE
	EndGlobalSection
	GlobalSection(ExtensibilityGlobals) = postSolution
		SolutionGuid = {5610429F-FD00-4051-AD30-A29197472C62}
	EndGlobalSection
EndGlobal
